// !$*UTF8*$!
{
	archiveVersion = 1;
	classes = {
	};
	objectVersion = 55;
	objects = {

/* Begin PBXBuildFile section */
		13506FEC27E28A76007E0BD3 /* AppDelegate.swift in Sources */ = {isa = PBXBuildFile; fileRef = 13506FEB27E28A76007E0BD3 /* AppDelegate.swift */; };
		13506FEE27E28A76007E0BD3 /* GameScene.sks in Resources */ = {isa = PBXBuildFile; fileRef = 13506FED27E28A76007E0BD3 /* GameScene.sks */; };
		13506FF227E28A76007E0BD3 /* GameScene.swift in Sources */ = {isa = PBXBuildFile; fileRef = 13506FF127E28A76007E0BD3 /* GameScene.swift */; };
		13506FF427E28A76007E0BD3 /* GameViewController.swift in Sources */ = {isa = PBXBuildFile; fileRef = 13506FF327E28A76007E0BD3 /* GameViewController.swift */; };
		13506FF727E28A76007E0BD3 /* Main.storyboard in Resources */ = {isa = PBXBuildFile; fileRef = 13506FF527E28A76007E0BD3 /* Main.storyboard */; };
		13506FF927E28A77007E0BD3 /* Assets.xcassets in Resources */ = {isa = PBXBuildFile; fileRef = 13506FF827E28A77007E0BD3 /* Assets.xcassets */; };
		13506FFC27E28A77007E0BD3 /* LaunchScreen.storyboard in Resources */ = {isa = PBXBuildFile; fileRef = 13506FFA27E28A77007E0BD3 /* LaunchScreen.storyboard */; };
		13E8531F27E3FCF300F40980 /* explosion.sks in Resources */ = {isa = PBXBuildFile; fileRef = 13E8531D27E3FCF300F40980 /* explosion.sks */; };
		13E8532027E3FCF300F40980 /* starfield.sks in Resources */ = {isa = PBXBuildFile; fileRef = 13E8531E27E3FCF300F40980 /* starfield.sks */; };
/* End PBXBuildFile section */

/* Begin PBXFileReference section */
		13506FE827E28A76007E0BD3 /* HalconAsteroid.app */ = {isa = PBXFileReference; explicitFileType = wrapper.application; includeInIndex = 0; path = HalconAsteroid.app; sourceTree = BUILT_PRODUCTS_DIR; };
		13506FEB27E28A76007E0BD3 /* AppDelegate.swift */ = {isa = PBXFileReference; lastKnownFileType = sourcecode.swift; path = AppDelegate.swift; sourceTree = "<group>"; };
		13506FED27E28A76007E0BD3 /* GameScene.sks */ = {isa = PBXFileReference; lastKnownFileType = file.sks; path = GameScene.sks; sourceTree = "<group>"; };
		13506FF127E28A76007E0BD3 /* GameScene.swift */ = {isa = PBXFileReference; lastKnownFileType = sourcecode.swift; path = GameScene.swift; sourceTree = "<group>"; };
		13506FF327E28A76007E0BD3 /* GameViewController.swift */ = {isa = PBXFileReference; lastKnownFileType = sourcecode.swift; path = GameViewController.swift; sourceTree = "<group>"; };
		13506FF627E28A76007E0BD3 /* Base */ = {isa = PBXFileReference; lastKnownFileType = file.storyboard; name = Base; path = Base.lproj/Main.storyboard; sourceTree = "<group>"; };
		13506FF827E28A77007E0BD3 /* Assets.xcassets */ = {isa = PBXFileReference; lastKnownFileType = folder.assetcatalog; path = Assets.xcassets; sourceTree = "<group>"; };
		13506FFB27E28A77007E0BD3 /* Base */ = {isa = PBXFileReference; lastKnownFileType = file.storyboard; name = Base; path = Base.lproj/LaunchScreen.storyboard; sourceTree = "<group>"; };
		13E8531D27E3FCF300F40980 /* explosion.sks */ = {isa = PBXFileReference; lastKnownFileType = file.sks; path = explosion.sks; sourceTree = "<group>"; };
		13E8531E27E3FCF300F40980 /* starfield.sks */ = {isa = PBXFileReference; lastKnownFileType = file.sks; path = starfield.sks; sourceTree = "<group>"; };
/* End PBXFileReference section */

/* Begin PBXFrameworksBuildPhase section */
		13506FE527E28A76007E0BD3 /* Frameworks */ = {
			isa = PBXFrameworksBuildPhase;
			buildActionMask = 2147483647;
			files = (
			);
			runOnlyForDeploymentPostprocessing = 0;
		};
/* End PBXFrameworksBuildPhase section */

/* Begin PBXGroup section */
		13506FDF27E28A76007E0BD3 = {
			isa = PBXGroup;
			children = (
				13506FEA27E28A76007E0BD3 /* HalconAsteroid */,
				13506FE927E28A76007E0BD3 /* Products */,
			);
			sourceTree = "<group>";
		};
		13506FE927E28A76007E0BD3 /* Products */ = {
			isa = PBXGroup;
			children = (
				13506FE827E28A76007E0BD3 /* HalconAsteroid.app */,
			);
			name = Products;
			sourceTree = "<group>";
		};
		13506FEA27E28A76007E0BD3 /* HalconAsteroid */ = {
			isa = PBXGroup;
			children = (
				13506FEB27E28A76007E0BD3 /* AppDelegate.swift */,
				13506FED27E28A76007E0BD3 /* GameScene.sks */,
				13506FF127E28A76007E0BD3 /* GameScene.swift */,
				13506FF327E28A76007E0BD3 /* GameViewController.swift */,
				13506FF527E28A76007E0BD3 /* Main.storyboard */,
				13506FF827E28A77007E0BD3 /* Assets.xcassets */,
				13506FFA27E28A77007E0BD3 /* LaunchScreen.storyboard */,
				13E8531D27E3FCF300F40980 /* explosion.sks */,
				13E8531E27E3FCF300F40980 /* starfield.sks */,
			);
			path = HalconAsteroid;
			sourceTree = "<group>";
		};
/* End PBXGroup section */

/* Begin PBXNativeTarget section */
		13506FE727E28A76007E0BD3 /* HalconAsteroid */ = {
			isa = PBXNativeTarget;
			buildConfigurationList = 13506FFF27E28A77007E0BD3 /* Build configuration list for PBXNativeTarget "HalconAsteroid" */;
			buildPhases = (
				13506FE427E28A76007E0BD3 /* Sources */,
				13506FE527E28A76007E0BD3 /* Frameworks */,
				13506FE627E28A76007E0BD3 /* Resources */,
			);
			buildRules = (
			);
			dependencies = (
			);
			name = HalconAsteroid;
			productName = HalconAsteroid;
			productReference = 13506FE827E28A76007E0BD3 /* HalconAsteroid.app */;
			productType = "com.apple.product-type.application";
		};
/* End PBXNativeTarget section */

/* Begin PBXProject section */
		13506FE027E28A76007E0BD3 /* Project object */ = {
			isa = PBXProject;
			attributes = {
				BuildIndependentTargetsInParallel = 1;
				LastSwiftUpdateCheck = 1320;
				LastUpgradeCheck = 1320;
				TargetAttributes = {
					13506FE727E28A76007E0BD3 = {
						CreatedOnToolsVersion = 13.2.1;
					};
				};
			};
			buildConfigurationList = 13506FE327E28A76007E0BD3 /* Build configuration list for PBXProject "HalconAsteroid" */;
			compatibilityVersion = "Xcode 13.0";
			developmentRegion = en;
			hasScannedForEncodings = 0;
			knownRegions = (
				en,
				Base,
			);
			mainGroup = 13506FDF27E28A76007E0BD3;
			productRefGroup = 13506FE927E28A76007E0BD3 /* Products */;
			projectDirPath = "";
			projectRoot = "";
			targets = (
				13506FE727E28A76007E0BD3 /* HalconAsteroid */,
			);
		};
/* End PBXProject section */

/* Begin PBXResourcesBuildPhase section */
		13506FE627E28A76007E0BD3 /* Resources */ = {
			isa = PBXResourcesBuildPhase;
			buildActionMask = 2147483647;
			files = (
				13506FF727E28A76007E0BD3 /* Main.storyboard in Resources */,
				13506FEE27E28A76007E0BD3 /* GameScene.sks in Resources */,
				13506FF927E28A77007E0BD3 /* Assets.xcassets in Resources */,
				13E8531F27E3FCF300F40980 /* explosion.sks in Resources */,
				13506FFC27E28A77007E0BD3 /* LaunchScreen.storyboard in Resources */,
				13E8532027E3FCF300F40980 /* starfield.sks in Resources */,
			);
			runOnlyForDeploymentPostprocessing = 0;
		};
/* End PBXResourcesBuildPhase section */

/* Begin PBXSourcesBuildPhase section */
		13506FE427E28A76007E0BD3 /* Sources */ = {
			isa = PBXSourcesBuildPhase;
			buildActionMask = 2147483647;
			files = (
				13506FF227E28A76007E0BD3 /* GameScene.swift in Sources */,
				13506FF427E28A76007E0BD3 /* GameViewController.swift in Sources */,
				13506FEC27E28A76007E0BD3 /* AppDelegate.swift in Sources */,
			);
			runOnlyForDeploymentPostprocessing = 0;
		};
/* End PBXSourcesBuildPhase section */

/* Begin PBXVariantGroup section */
		13506FF527E28A76007E0BD3 /* Main.storyboard */ = {
			isa = PBXVariantGroup;
			children = (
				13506FF627E28A76007E0BD3 /* Base */,
			);
			name = Main.storyboard;
			sourceTree = "<group>";
		};
		13506FFA27E28A77007E0BD3 /* LaunchScreen.storyboard */ = {
			isa = PBXVariantGroup;
			children = (
				13506FFB27E28A77007E0BD3 /* Base */,
			);
			name = LaunchScreen.storyboard;
			sourceTree = "<group>";
		};
/* End PBXVariantGroup section */

/* Begin XCBuildConfiguration section */
		13506FFD27E28A77007E0BD3 /* Debug */ = {
			isa = XCBuildConfiguration;
			buildSettings = {
				ALWAYS_SEARCH_USER_PATHS = NO;
				CLANG_ANALYZER_NONNULL = YES;
				CLANG_ANALYZER_NUMBER_OBJECT_CONVERSION = YES_AGGRESSIVE;
				CLANG_CXX_LANGUAGE_STANDARD = "gnu++17";
				CLANG_CXX_LIBRARY = "libc++";
				CLANG_ENABLE_MODULES = YES;
				CLANG_ENABLE_OBJC_ARC = YES;
				CLANG_ENABLE_OBJC_WEAK = YES;
				CLANG_WARN_BLOCK_CAPTURE_AUTORELEASING = YES;
				CLANG_WARN_BOOL_CONVERSION = YES;
				CLANG_WARN_COMMA = YES;
				CLANG_WARN_CONSTANT_CONVERSION = YES;
				CLANG_WARN_DEPRECATED_OBJC_IMPLEMENTATIONS = YES;
				CLANG_WARN_DIRECT_OBJC_ISA_USAGE = YES_ERROR;
				CLANG_WARN_DOCUMENTATION_COMMENTS = YES;
				CLANG_WARN_EMPTY_BODY = YES;
				CLANG_WARN_ENUM_CONVERSION = YES;
				CLANG_WARN_INFINITE_RECURSION = YES;
				CLANG_WARN_INT_CONVERSION = YES;
				CLANG_WARN_NON_LITERAL_NULL_CONVERSION = YES;
				CLANG_WARN_OBJC_IMPLICIT_RETAIN_SELF = YES;
				CLANG_WARN_OBJC_LITERAL_CONVERSION = YES;
				CLANG_WARN_OBJC_ROOT_CLASS = YES_ERROR;
				CLANG_WARN_QUOTED_INCLUDE_IN_FRAMEWORK_HEADER = YES;
				CLANG_WARN_RANGE_LOOP_ANALYSIS = YES;
				CLANG_WARN_STRICT_PROTOTYPES = YES;
				CLANG_WARN_SUSPICIOUS_MOVE = YES;
				CLANG_WARN_UNGUARDED_AVAILABILITY = YES_AGGRESSIVE;
				CLANG_WARN_UNREACHABLE_CODE = YES;
				CLANG_WARN__DUPLICATE_METHOD_MATCH = YES;
				COPY_PHASE_STRIP = NO;
				DEBUG_INFORMATION_FORMAT = dwarf;
				ENABLE_STRICT_OBJC_MSGSEND = YES;
				ENABLE_TESTABILITY = YES;
				GCC_C_LANGUAGE_STANDARD = gnu11;
				GCC_DYNAMIC_NO_PIC = NO;
				GCC_NO_COMMON_BLOCKS = YES;
				GCC_OPTIMIZATION_LEVEL = 0;
				GCC_PREPROCESSOR_DEFINITIONS = (
					"DEBUG=1",
					"$(inherited)",
				);
				GCC_WARN_64_TO_32_BIT_CONVERSION = YES;
				GCC_WARN_ABOUT_RETURN_TYPE = YES_ERROR;
				GCC_WARN_UNDECLARED_SELECTOR = YES;
				GCC_WARN_UNINITIALIZED_AUTOS = YES_AGGRESSIVE;
				GCC_WARN_UNUSED_FUNCTION = YES;
				GCC_WARN_UNUSED_VARIABLE = YES;
				IPHONEOS_DEPLOYMENT_TARGET = 15.2;
				MTL_ENABLE_DEBUG_INFO = INCLUDE_SOURCE;
				MTL_FAST_MATH = YES;
				ONLY_ACTIVE_ARCH = YES;
				SDKROOT = iphoneos;
				SWIFT_ACTIVE_COMPILATION_CONDITIONS = DEBUG;
				SWIFT_OPTIMIZATION_LEVEL = "-Onone";
			};
			name = Debug;
		};
		13506FFE27E28A77007E0BD3 /* Release */ = {
			isa = XCBuildConfiguration;
			buildSettings = {
				ALWAYS_SEARCH_USER_PATHS = NO;
				CLANG_ANALYZER_NONNULL = YES;
				CLANG_ANALYZER_NUMBER_OBJECT_CONVERSION = YES_AGGRESSIVE;
				CLANG_CXX_LANGUAGE_STANDARD = "gnu++17";
				CLANG_CXX_LIBRARY = "libc++";
				CLANG_ENABLE_MODULES = YES;
				CLANG_ENABLE_OBJC_ARC = YES;
				CLANG_ENABLE_OBJC_WEAK = YES;
				CLANG_WARN_BLOCK_CAPTURE_AUTORELEASING = YES;
				CLANG_WARN_BOOL_CONVERSION = YES;
				CLANG_WARN_COMMA = YES;
				CLANG_WARN_CONSTANT_CONVERSION = YES;
				CLANG_WARN_DEPRECATED_OBJC_IMPLEMENTATIONS = YES;
				CLANG_WARN_DIRECT_OBJC_ISA_USAGE = YES_ERROR;
				CLANG_WARN_DOCUMENTATION_COMMENTS = YES;
				CLANG_WARN_EMPTY_BODY = YES;
				CLANG_WARN_ENUM_CONVERSION = YES;
				CLANG_WARN_INFINITE_RECURSION = YES;
				CLANG_WARN_INT_CONVERSION = YES;
				CLANG_WARN_NON_LITERAL_NULL_CONVERSION = YES;
				CLANG_WARN_OBJC_IMPLICIT_RETAIN_SELF = YES;
				CLANG_WARN_OBJC_LITERAL_CONVERSION = YES;
				CLANG_WARN_OBJC_ROOT_CLASS = YES_ERROR;
				CLANG_WARN_QUOTED_INCLUDE_IN_FRAMEWORK_HEADER = YES;
				CLANG_WARN_RANGE_LOOP_ANALYSIS = YES;
				CLANG_WARN_STRICT_PROTOTYPES = YES;
				CLANG_WARN_SUSPICIOUS_MOVE = YES;
				CLANG_WARN_UNGUARDED_AVAILABILITY = YES_AGGRESSIVE;
				CLANG_WARN_UNREACHABLE_CODE = YES;
				CLANG_WARN__DUPLICATE_METHOD_MATCH = YES;
				COPY_PHASE_STRIP = NO;
				DEBUG_INFORMATION_FORMAT = "dwarf-with-dsym";
				ENABLE_NS_ASSERTIONS = NO;
				ENABLE_STRICT_OBJC_MSGSEND = YES;
				GCC_C_LANGUAGE_STANDARD = gnu11;
				GCC_NO_COMMON_BLOCKS = YES;
				GCC_WARN_64_TO_32_BIT_CONVERSION = YES;
				GCC_WARN_ABOUT_RETURN_TYPE = YES_ERROR;
				GCC_WARN_UNDECLARED_SELECTOR = YES;
				GCC_WARN_UNINITIALIZED_AUTOS = YES_AGGRESSIVE;
				GCC_WARN_UNUSED_FUNCTION = YES;
				GCC_WARN_UNUSED_VARIABLE = YES;
				IPHONEOS_DEPLOYMENT_TARGET = 15.2;
				MTL_ENABLE_DEBUG_INFO = NO;
				MTL_FAST_MATH = YES;
				SDKROOT = iphoneos;
				SWIFT_COMPILATION_MODE = wholemodule;
				SWIFT_OPTIMIZATION_LEVEL = "-O";
				VALIDATE_PRODUCT = YES;
			};
			name = Release;
		};
		1350700027E28A77007E0BD3 /* Debug */ = {
			isa = XCBuildConfiguration;
			buildSettings = {
				ASSETCATALOG_COMPILER_APPICON_NAME = AppIcon;
				ASSETCATALOG_COMPILER_GLOBAL_ACCENT_COLOR_NAME = AccentColor;
				CODE_SIGN_STYLE = Automatic;
				CURRENT_PROJECT_VERSION = 1;
				DEVELOPMENT_TEAM = 63AJC847ZW;
				GENERATE_INFOPLIST_FILE = YES;
				INFOPLIST_KEY_UIApplicationSupportsIndirectInputEvents = YES;
				INFOPLIST_KEY_UILaunchStoryboardName = LaunchScreen;
				INFOPLIST_KEY_UIMainStoryboardFile = Main;
				INFOPLIST_KEY_UIStatusBarHidden = YES;
				INFOPLIST_KEY_UISupportedInterfaceOrientations_iPad = "UIInterfaceOrientationPortrait UIInterfaceOrientationPortraitUpsideDown UIInterfaceOrientationLandscapeLeft UIInterfaceOrientationLandscapeRight";
				INFOPLIST_KEY_UISupportedInterfaceOrientations_iPhone = "UIInterfaceOrientationPortrait UIInterfaceOrientationLandscapeLeft UIInterfaceOrientationLandscapeRight";
				LD_RUNPATH_SEARCH_PATHS = (
					"$(inherited)",
					"@executable_path/Frameworks",
				);
				MARKETING_VERSION = 1.0;
				PRODUCT_BUNDLE_IDENTIFIER = mx.landercorp.HalconAsteroid;
				PRODUCT_NAME = "$(TARGET_NAME)";
				SWIFT_EMIT_LOC_STRINGS = YES;
				SWIFT_VERSION = 5.0;
				TARGETED_DEVICE_FAMILY = "1,2";
			};
			name = Debug;
		};
		1350700127E28A77007E0BD3 /* Release */ = {
			isa = XCBuildConfiguration;
			buildSettings = {
				ASSETCATALOG_COMPILER_APPICON_NAME = AppIcon;
				ASSETCATALOG_COMPILER_GLOBAL_ACCENT_COLOR_NAME = AccentColor;
				CODE_SIGN_STYLE = Automatic;
				CURRENT_PROJECT_VERSION = 1;
				DEVELOPMENT_TEAM = 63AJC847ZW;
				GENERATE_INFOPLIST_FILE = YES;
				INFOPLIST_KEY_UIApplicationSupportsIndirectInputEvents = YES;
				INFOPLIST_KEY_UILaunchStoryboardName = LaunchScreen;
				INFOPLIST_KEY_UIMainStoryboardFile = Main;
				INFOPLIST_KEY_UIStatusBarHidden = YES;
				INFOPLIST_KEY_UISupportedInterfaceOrientations_iPad = "UIInterfaceOrientationPortrait UIInterfaceOrientationPortraitUpsideDown UIInterfaceOrientationLandscapeLeft UIInterfaceOrientationLandscapeRight";
				INFOPLIST_KEY_UISupportedInterfaceOrientations_iPhone = "UIInterfaceOrientationPortrait UIInterfaceOrientationLandscapeLeft UIInterfaceOrientationLandscapeRight";
				LD_RUNPATH_SEARCH_PATHS = (
					"$(inherited)",
					"@executable_path/Frameworks",
				);
				MARKETING_VERSION = 1.0;
				PRODUCT_BUNDLE_IDENTIFIER = mx.landercorp.HalconAsteroid;
				PRODUCT_NAME = "$(TARGET_NAME)";
				SWIFT_EMIT_LOC_STRINGS = YES;
				SWIFT_VERSION = 5.0;
				TARGETED_DEVICE_FAMILY = "1,2";
			};
			name = Release;
		};
/* End XCBuildConfiguration section */

/* Begin XCConfigurationList section */
		13506FE327E28A76007E0BD3 /* Build configuration list for PBXProject "HalconAsteroid" */ = {
			isa = XCConfigurationList;
			buildConfigurations = (
				13506FFD27E28A77007E0BD3 /* Debug */,
				13506FFE27E28A77007E0BD3 /* Release */,
			);
			defaultConfigurationIsVisible = 0;
			defaultConfigurationName = Release;
		};
		13506FFF27E28A77007E0BD3 /* Build configuration list for PBXNativeTarget "HalconAsteroid" */ = {
			isa = XCConfigurationList;
			buildConfigurations = (
				1350700027E28A77007E0BD3 /* Debug */,
				1350700127E28A77007E0BD3 /* Release */,
			);
			defaultConfigurationIsVisible = 0;
			defaultConfigurationName = Release;
		};
/* End XCConfigurationList section */
	};
	rootObject = 13506FE027E28A76007E0BD3 /* Project object */;
}
